PODS:
  - Bolts (1.5.0):
    - Bolts/AppLinks (= 1.5.0)
    - Bolts/Tasks (= 1.5.0)
  - Bolts/AppLinks (1.5.0):
    - Bolts/Tasks
  - Bolts/Tasks (1.5.0)
  - JSQMessagesViewController (7.2.0):
    - JSQSystemSoundPlayer (~> 2.0.1)
  - JSQSystemSoundPlayer (2.0.1)
  - QMServices (0.3.8):
    - Bolts (= 1.5.0)
    - QuickBlox (~> 2.6.5)
  - QuickBlox (2.6.6)
  - SVProgressHUD (2.0.2)
  - TWMessageBarManager (1.7.2)

DEPENDENCIES:
  - JSQMessagesViewController
  - QMServices
  - SVProgressHUD
  - TWMessageBarManager (~> 1.7.2)

SPEC CHECKSUMS:
  Bolts: 722ab9a4f8b50fc4ed1b9998a5a7a2b3f16d80b4
  JSQMessagesViewController: 73cab48aa92fc2d512f3b6724f3425cc47a19eb5
  JSQSystemSoundPlayer: c5850e77a4363ffd374cd851154b9af93264ed8d
  QMServices: 3e3b9ee254908d4ee313ab7fe8aa634990a58bb3
  QuickBlox: 8a860f96d8d4694f9d35fbeac9bbb5bc09ed71ec
  SVProgressHUD: e4020e23badbd7cc61bc4a80d3c1da57f166a978
  TWMessageBarManager: e7adc066ee425174f5dee79473fce913b1cd1662

PODFILE CHECKSUM: 0635a3c6f28fc36dd048aa9636335dce4e4176c8

COCOAPODS: 1.0.0.beta.6
