// !$*UTF8*$!
{
	archiveVersion = 1;
	classes = {
	};
	objectVersion = 46;
	objects = {

/* Begin PBXBuildFile section */
		16D824F5F4D43196A5287C16 /* libPods-JSQumunicateTest.a in Frameworks */ = {isa = PBXBuildFile; fileRef = 4DFD5939296D0C64FCEC4311 /* libPods-JSQumunicateTest.a */; };
		38A83BB81CA92AA20079EB0C /* AppDelegate.swift in Sources */ = {isa = PBXBuildFile; fileRef = 38A83BB71CA92AA20079EB0C /* AppDelegate.swift */; };
		38A83BBF1CA92AA20079EB0C /* Assets.xcassets in Resources */ = {isa = PBXBuildFile; fileRef = 38A83BBE1CA92AA20079EB0C /* Assets.xcassets */; };
		38A83BC21CA92AA20079EB0C /* LaunchScreen.storyboard in Resources */ = {isa = PBXBuildFile; fileRef = 38A83BC01CA92AA20079EB0C /* LaunchScreen.storyboard */; };
		38A83BCF1CABA39C0079EB0C /* NotificationService.swift in Sources */ = {isa = PBXBuildFile; fileRef = 38A83BCD1CABA39C0079EB0C /* NotificationService.swift */; };
		38A83BD01CABA39C0079EB0C /* ServicesManager.swift in Sources */ = {isa = PBXBuildFile; fileRef = 38A83BCE1CABA39C0079EB0C /* ServicesManager.swift */; };
		38A83BD51CABA4DC0079EB0C /* String+Localized.swift in Sources */ = {isa = PBXBuildFile; fileRef = 38A83BD21CABA4DC0079EB0C /* String+Localized.swift */; };
		38A83BD61CABA4DC0079EB0C /* UIImage+fixOrientation.m in Sources */ = {isa = PBXBuildFile; fileRef = 38A83BD41CABA4DC0079EB0C /* UIImage+fixOrientation.m */; };
		38A83BD81CABA67F0079EB0C /* Constants.swift in Sources */ = {isa = PBXBuildFile; fileRef = 38A83BD71CABA67F0079EB0C /* Constants.swift */; };
		38A83BDA1CABA7280079EB0C /* Main.storyboard in Resources */ = {isa = PBXBuildFile; fileRef = 38A83BD91CABA7280079EB0C /* Main.storyboard */; };
		38A83BDC1CABA7670079EB0C /* LoginTableViewController.swift in Sources */ = {isa = PBXBuildFile; fileRef = 38A83BDB1CABA7670079EB0C /* LoginTableViewController.swift */; };
		38A83BE61CABA80E0079EB0C /* AlertView.swift in Sources */ = {isa = PBXBuildFile; fileRef = 38A83BE11CABA80E0079EB0C /* AlertView.swift */; };
		38A83BE71CABA80E0079EB0C /* AlertViewWithTextField.swift in Sources */ = {isa = PBXBuildFile; fileRef = 38A83BE21CABA80E0079EB0C /* AlertViewWithTextField.swift */; };
		38A83BE81CABA80E0079EB0C /* CornerView.swift in Sources */ = {isa = PBXBuildFile; fileRef = 38A83BE31CABA80E0079EB0C /* CornerView.swift */; };
		38A83BE91CABA80E0079EB0C /* DialogTableViewCell.swift in Sources */ = {isa = PBXBuildFile; fileRef = 38A83BE41CABA80E0079EB0C /* DialogTableViewCell.swift */; };
		38A83BEA1CABA80E0079EB0C /* UserTableViewCell.swift in Sources */ = {isa = PBXBuildFile; fileRef = 38A83BE51CABA80E0079EB0C /* UserTableViewCell.swift */; };
		38A83BEC1CABAB760079EB0C /* Localizable.strings in Resources */ = {isa = PBXBuildFile; fileRef = 38A83BEB1CABAB760079EB0C /* Localizable.strings */; };
		38A83BEE1CABAF560079EB0C /* DialogsViewController.swift in Sources */ = {isa = PBXBuildFile; fileRef = 38A83BED1CABAF560079EB0C /* DialogsViewController.swift */; };
		38A83BF01CABCAB70079EB0C /* JChatViewController.swift in Sources */ = {isa = PBXBuildFile; fileRef = 38A83BEF1CABCAB70079EB0C /* JChatViewController.swift */; };
		38A83C0F1CAE29E10079EB0C /* JSQRishMessage.swift in Sources */ = {isa = PBXBuildFile; fileRef = 38A83C0E1CAE29E10079EB0C /* JSQRishMessage.swift */; };
		38A83C111CAE751E0079EB0C /* TestVC.swift in Sources */ = {isa = PBXBuildFile; fileRef = 38A83C101CAE751E0079EB0C /* TestVC.swift */; };
/* End PBXBuildFile section */

/* Begin PBXFileReference section */
		313C9CD4075A1DCC2CFCB1D9 /* Pods-JSQumunicateTest.release.xcconfig */ = {isa = PBXFileReference; includeInIndex = 1; lastKnownFileType = text.xcconfig; name = "Pods-JSQumunicateTest.release.xcconfig"; path = "Pods/Target Support Files/Pods-JSQumunicateTest/Pods-JSQumunicateTest.release.xcconfig"; sourceTree = "<group>"; };
		38A83BB41CA92AA20079EB0C /* JSQumunicateTest.app */ = {isa = PBXFileReference; explicitFileType = wrapper.application; includeInIndex = 0; path = JSQumunicateTest.app; sourceTree = BUILT_PRODUCTS_DIR; };
		38A83BB71CA92AA20079EB0C /* AppDelegate.swift */ = {isa = PBXFileReference; lastKnownFileType = sourcecode.swift; path = AppDelegate.swift; sourceTree = "<group>"; };
		38A83BBE1CA92AA20079EB0C /* Assets.xcassets */ = {isa = PBXFileReference; lastKnownFileType = folder.assetcatalog; path = Assets.xcassets; sourceTree = "<group>"; };
		38A83BC11CA92AA20079EB0C /* Base */ = {isa = PBXFileReference; lastKnownFileType = file.storyboard; name = Base; path = Base.lproj/LaunchScreen.storyboard; sourceTree = "<group>"; };
		38A83BC31CA92AA20079EB0C /* Info.plist */ = {isa = PBXFileReference; lastKnownFileType = text.plist.xml; path = Info.plist; sourceTree = "<group>"; };
		38A83BC91CAA86C00079EB0C /* JSQumunicateTest-Bridging-Header.h */ = {isa = PBXFileReference; lastKnownFileType = sourcecode.c.h; path = "JSQumunicateTest-Bridging-Header.h"; sourceTree = "<group>"; };
		38A83BCD1CABA39C0079EB0C /* NotificationService.swift */ = {isa = PBXFileReference; fileEncoding = 4; lastKnownFileType = sourcecode.swift; path = NotificationService.swift; sourceTree = "<group>"; };
		38A83BCE1CABA39C0079EB0C /* ServicesManager.swift */ = {isa = PBXFileReference; fileEncoding = 4; lastKnownFileType = sourcecode.swift; path = ServicesManager.swift; sourceTree = "<group>"; };
		38A83BD21CABA4DC0079EB0C /* String+Localized.swift */ = {isa = PBXFileReference; fileEncoding = 4; lastKnownFileType = sourcecode.swift; path = "String+Localized.swift"; sourceTree = "<group>"; };
		38A83BD31CABA4DC0079EB0C /* UIImage+fixOrientation.h */ = {isa = PBXFileReference; fileEncoding = 4; lastKnownFileType = sourcecode.c.h; path = "UIImage+fixOrientation.h"; sourceTree = "<group>"; };
		38A83BD41CABA4DC0079EB0C /* UIImage+fixOrientation.m */ = {isa = PBXFileReference; fileEncoding = 4; lastKnownFileType = sourcecode.c.objc; path = "UIImage+fixOrientation.m"; sourceTree = "<group>"; };
		38A83BD71CABA67F0079EB0C /* Constants.swift */ = {isa = PBXFileReference; fileEncoding = 4; lastKnownFileType = sourcecode.swift; path = Constants.swift; sourceTree = "<group>"; };
		38A83BD91CABA7280079EB0C /* Main.storyboard */ = {isa = PBXFileReference; fileEncoding = 4; lastKnownFileType = file.storyboard; path = Main.storyboard; sourceTree = "<group>"; };
		38A83BDB1CABA7670079EB0C /* LoginTableViewController.swift */ = {isa = PBXFileReference; fileEncoding = 4; lastKnownFileType = sourcecode.swift; path = LoginTableViewController.swift; sourceTree = "<group>"; };
		38A83BE11CABA80E0079EB0C /* AlertView.swift */ = {isa = PBXFileReference; fileEncoding = 4; lastKnownFileType = sourcecode.swift; path = AlertView.swift; sourceTree = "<group>"; };
		38A83BE21CABA80E0079EB0C /* AlertViewWithTextField.swift */ = {isa = PBXFileReference; fileEncoding = 4; lastKnownFileType = sourcecode.swift; path = AlertViewWithTextField.swift; sourceTree = "<group>"; };
		38A83BE31CABA80E0079EB0C /* CornerView.swift */ = {isa = PBXFileReference; fileEncoding = 4; lastKnownFileType = sourcecode.swift; path = CornerView.swift; sourceTree = "<group>"; };
		38A83BE41CABA80E0079EB0C /* DialogTableViewCell.swift */ = {isa = PBXFileReference; fileEncoding = 4; lastKnownFileType = sourcecode.swift; path = DialogTableViewCell.swift; sourceTree = "<group>"; };
		38A83BE51CABA80E0079EB0C /* UserTableViewCell.swift */ = {isa = PBXFileReference; fileEncoding = 4; lastKnownFileType = sourcecode.swift; path = UserTableViewCell.swift; sourceTree = "<group>"; };
		38A83BEB1CABAB760079EB0C /* Localizable.strings */ = {isa = PBXFileReference; fileEncoding = 4; lastKnownFileType = text.plist.strings; path = Localizable.strings; sourceTree = "<group>"; };
		38A83BED1CABAF560079EB0C /* DialogsViewController.swift */ = {isa = PBXFileReference; fileEncoding = 4; lastKnownFileType = sourcecode.swift; path = DialogsViewController.swift; sourceTree = "<group>"; };
		38A83BEF1CABCAB70079EB0C /* JChatViewController.swift */ = {isa = PBXFileReference; fileEncoding = 4; lastKnownFileType = sourcecode.swift; path = JChatViewController.swift; sourceTree = "<group>"; };
		38A83C0E1CAE29E10079EB0C /* JSQRishMessage.swift */ = {isa = PBXFileReference; fileEncoding = 4; lastKnownFileType = sourcecode.swift; path = JSQRishMessage.swift; sourceTree = "<group>"; };
		38A83C101CAE751E0079EB0C /* TestVC.swift */ = {isa = PBXFileReference; fileEncoding = 4; lastKnownFileType = sourcecode.swift; path = TestVC.swift; sourceTree = "<group>"; };
		4DFD5939296D0C64FCEC4311 /* libPods-JSQumunicateTest.a */ = {isa = PBXFileReference; explicitFileType = archive.ar; includeInIndex = 0; path = "libPods-JSQumunicateTest.a"; sourceTree = BUILT_PRODUCTS_DIR; };
		6AE8E657FA28EB0329414ABB /* Pods-JSQumunicateTest.debug.xcconfig */ = {isa = PBXFileReference; includeInIndex = 1; lastKnownFileType = text.xcconfig; name = "Pods-JSQumunicateTest.debug.xcconfig"; path = "Pods/Target Support Files/Pods-JSQumunicateTest/Pods-JSQumunicateTest.debug.xcconfig"; sourceTree = "<group>"; };
/* End PBXFileReference section */

/* Begin PBXFrameworksBuildPhase section */
		38A83BB11CA92AA20079EB0C /* Frameworks */ = {
			isa = PBXFrameworksBuildPhase;
			buildActionMask = 2147483647;
			files = (
				16D824F5F4D43196A5287C16 /* libPods-JSQumunicateTest.a in Frameworks */,
			);
			runOnlyForDeploymentPostprocessing = 0;
		};
/* End PBXFrameworksBuildPhase section */

/* Begin PBXGroup section */
		38A83BAB1CA92AA20079EB0C = {
			isa = PBXGroup;
			children = (
				38A83BB61CA92AA20079EB0C /* JSQumunicateTest */,
				38A83BB51CA92AA20079EB0C /* Products */,
				84970C417473EFA76683308B /* Pods */,
				C3F85E8B1082D28B931AD36B /* Frameworks */,
			);
			sourceTree = "<group>";
		};
		38A83BB51CA92AA20079EB0C /* Products */ = {
			isa = PBXGroup;
			children = (
				38A83BB41CA92AA20079EB0C /* JSQumunicateTest.app */,
			);
			name = Products;
			sourceTree = "<group>";
		};
		38A83BB61CA92AA20079EB0C /* JSQumunicateTest */ = {
			isa = PBXGroup;
			children = (
				38A83BFB1CAD746E0079EB0C /* Modal */,
				38A83BF61CAD6F280079EB0C /* Presents */,
				38A83BF31CAD6E160079EB0C /* Protocols */,
				38A83BEB1CABAB760079EB0C /* Localizable.strings */,
				38A83BD71CABA67F0079EB0C /* Constants.swift */,
				38A83BDD1CABA7720079EB0C /* ViewControllers */,
				38A83BE01CABA80E0079EB0C /* Views */,
				38A83BD11CABA4DC0079EB0C /* Extensions */,
				38A83BCC1CABA39C0079EB0C /* Services */,
				38A83BB71CA92AA20079EB0C /* AppDelegate.swift */,
				38A83BD91CABA7280079EB0C /* Main.storyboard */,
				38A83BBE1CA92AA20079EB0C /* Assets.xcassets */,
				38A83BC01CA92AA20079EB0C /* LaunchScreen.storyboard */,
				38A83BC31CA92AA20079EB0C /* Info.plist */,
				38A83BC91CAA86C00079EB0C /* JSQumunicateTest-Bridging-Header.h */,
			);
			path = JSQumunicateTest;
			sourceTree = "<group>";
		};
		38A83BCC1CABA39C0079EB0C /* Services */ = {
			isa = PBXGroup;
			children = (
				38A83BCD1CABA39C0079EB0C /* NotificationService.swift */,
				38A83BCE1CABA39C0079EB0C /* ServicesManager.swift */,
			);
			path = Services;
			sourceTree = "<group>";
		};
		38A83BD11CABA4DC0079EB0C /* Extensions */ = {
			isa = PBXGroup;
			children = (
				38A83BD21CABA4DC0079EB0C /* String+Localized.swift */,
				38A83BD31CABA4DC0079EB0C /* UIImage+fixOrientation.h */,
				38A83BD41CABA4DC0079EB0C /* UIImage+fixOrientation.m */,
			);
			path = Extensions;
			sourceTree = "<group>";
		};
		38A83BDD1CABA7720079EB0C /* ViewControllers */ = {
			isa = PBXGroup;
			children = (
				38A83BDB1CABA7670079EB0C /* LoginTableViewController.swift */,
				38A83BED1CABAF560079EB0C /* DialogsViewController.swift */,
				38A83BEF1CABCAB70079EB0C /* JChatViewController.swift */,
				38A83C101CAE751E0079EB0C /* TestVC.swift */,
			);
			name = ViewControllers;
			sourceTree = "<group>";
		};
		38A83BE01CABA80E0079EB0C /* Views */ = {
			isa = PBXGroup;
			children = (
				38A83BE11CABA80E0079EB0C /* AlertView.swift */,
				38A83BE21CABA80E0079EB0C /* AlertViewWithTextField.swift */,
				38A83BE31CABA80E0079EB0C /* CornerView.swift */,
				38A83BE41CABA80E0079EB0C /* DialogTableViewCell.swift */,
				38A83BE51CABA80E0079EB0C /* UserTableViewCell.swift */,
			);
			path = Views;
			sourceTree = "<group>";
		};
		38A83BF31CAD6E160079EB0C /* Protocols */ = {
			isa = PBXGroup;
			children = (
			);
			name = Protocols;
			sourceTree = "<group>";
		};
		38A83BF61CAD6F280079EB0C /* Presents */ = {
			isa = PBXGroup;
			children = (
			);
			name = Presents;
			sourceTree = "<group>";
		};
		38A83BFB1CAD746E0079EB0C /* Modal */ = {
			isa = PBXGroup;
			children = (
				38A83C0E1CAE29E10079EB0C /* JSQRishMessage.swift */,
			);
			name = Modal;
			sourceTree = "<group>";
		};
		84970C417473EFA76683308B /* Pods */ = {
			isa = PBXGroup;
			children = (
				6AE8E657FA28EB0329414ABB /* Pods-JSQumunicateTest.debug.xcconfig */,
				313C9CD4075A1DCC2CFCB1D9 /* Pods-JSQumunicateTest.release.xcconfig */,
			);
			name = Pods;
			sourceTree = "<group>";
		};
		C3F85E8B1082D28B931AD36B /* Frameworks */ = {
			isa = PBXGroup;
			children = (
				4DFD5939296D0C64FCEC4311 /* libPods-JSQumunicateTest.a */,
			);
			name = Frameworks;
			sourceTree = "<group>";
		};
/* End PBXGroup section */

/* Begin PBXNativeTarget section */
		38A83BB31CA92AA20079EB0C /* JSQumunicateTest */ = {
			isa = PBXNativeTarget;
			buildConfigurationList = 38A83BC61CA92AA20079EB0C /* Build configuration list for PBXNativeTarget "JSQumunicateTest" */;
			buildPhases = (
				2D79582A266B918CDB1DF1EC /* 📦 Check Pods Manifest.lock */,
				38A83BB01CA92AA20079EB0C /* Sources */,
				38A83BB11CA92AA20079EB0C /* Frameworks */,
				38A83BB21CA92AA20079EB0C /* Resources */,
				7397AD7F7275A186589CD8C9 /* 📦 Embed Pods Frameworks */,
				CBFF4B3DF17A460DBBD7BA24 /* 📦 Copy Pods Resources */,
			);
			buildRules = (
			);
			dependencies = (
			);
			name = JSQumunicateTest;
			productName = JSQumunicateTest;
			productReference = 38A83BB41CA92AA20079EB0C /* JSQumunicateTest.app */;
			productType = "com.apple.product-type.application";
		};
/* End PBXNativeTarget section */

/* Begin PBXProject section */
		38A83BAC1CA92AA20079EB0C /* Project object */ = {
			isa = PBXProject;
			attributes = {
				LastSwiftUpdateCheck = 0730;
				LastUpgradeCheck = 0730;
				ORGANIZATIONNAME = "YAO DONG LI";
				TargetAttributes = {
					38A83BB31CA92AA20079EB0C = {
						CreatedOnToolsVersion = 7.3;
					};
				};
			};
			buildConfigurationList = 38A83BAF1CA92AA20079EB0C /* Build configuration list for PBXProject "JSQumunicateTest" */;
			compatibilityVersion = "Xcode 3.2";
			developmentRegion = English;
			hasScannedForEncodings = 0;
			knownRegions = (
				en,
				Base,
			);
			mainGroup = 38A83BAB1CA92AA20079EB0C;
			productRefGroup = 38A83BB51CA92AA20079EB0C /* Products */;
			projectDirPath = "";
			projectRoot = "";
			targets = (
				38A83BB31CA92AA20079EB0C /* JSQumunicateTest */,
			);
		};
/* End PBXProject section */

/* Begin PBXResourcesBuildPhase section */
		38A83BB21CA92AA20079EB0C /* Resources */ = {
			isa = PBXResourcesBuildPhase;
			buildActionMask = 2147483647;
			files = (
				38A83BC21CA92AA20079EB0C /* LaunchScreen.storyboard in Resources */,
				38A83BEC1CABAB760079EB0C /* Localizable.strings in Resources */,
				38A83BBF1CA92AA20079EB0C /* Assets.xcassets in Resources */,
				38A83BDA1CABA7280079EB0C /* Main.storyboard in Resources */,
			);
			runOnlyForDeploymentPostprocessing = 0;
		};
/* End PBXResourcesBuildPhase section */

/* Begin PBXShellScriptBuildPhase section */
		2D79582A266B918CDB1DF1EC /* 📦 Check Pods Manifest.lock */ = {
			isa = PBXShellScriptBuildPhase;
			buildActionMask = 2147483647;
			files = (
			);
			inputPaths = (
			);
			name = "📦 Check Pods Manifest.lock";
			outputPaths = (
			);
			runOnlyForDeploymentPostprocessing = 0;
			shellPath = /bin/sh;
			shellScript = "diff \"${PODS_ROOT}/../Podfile.lock\" \"${PODS_ROOT}/Manifest.lock\" > /dev/null\nif [[ $? != 0 ]] ; then\n    cat << EOM\nerror: The sandbox is not in sync with the Podfile.lock. Run 'pod install' or update your CocoaPods installation.\nEOM\n    exit 1\nfi\n";
			showEnvVarsInLog = 0;
		};
		7397AD7F7275A186589CD8C9 /* 📦 Embed Pods Frameworks */ = {
			isa = PBXShellScriptBuildPhase;
			buildActionMask = 2147483647;
			files = (
			);
			inputPaths = (
			);
			name = "📦 Embed Pods Frameworks";
			outputPaths = (
			);
			runOnlyForDeploymentPostprocessing = 0;
			shellPath = /bin/sh;
			shellScript = "\"${SRCROOT}/Pods/Target Support Files/Pods-JSQumunicateTest/Pods-JSQumunicateTest-frameworks.sh\"\n";
			showEnvVarsInLog = 0;
		};
		CBFF4B3DF17A460DBBD7BA24 /* 📦 Copy Pods Resources */ = {
			isa = PBXShellScriptBuildPhase;
			buildActionMask = 2147483647;
			files = (
			);
			inputPaths = (
			);
			name = "📦 Copy Pods Resources";
			outputPaths = (
			);
			runOnlyForDeploymentPostprocessing = 0;
			shellPath = /bin/sh;
			shellScript = "\"${SRCROOT}/Pods/Target Support Files/Pods-JSQumunicateTest/Pods-JSQumunicateTest-resources.sh\"\n";
			showEnvVarsInLog = 0;
		};
/* End PBXShellScriptBuildPhase section */

/* Begin PBXSourcesBuildPhase section */
		38A83BB01CA92AA20079EB0C /* Sources */ = {
			isa = PBXSourcesBuildPhase;
			buildActionMask = 2147483647;
			files = (
				38A83C0F1CAE29E10079EB0C /* JSQRishMessage.swift in Sources */,
				38A83BD61CABA4DC0079EB0C /* UIImage+fixOrientation.m in Sources */,
				38A83BCF1CABA39C0079EB0C /* NotificationService.swift in Sources */,
				38A83BE61CABA80E0079EB0C /* AlertView.swift in Sources */,
				38A83BEE1CABAF560079EB0C /* DialogsViewController.swift in Sources */,
				38A83BE91CABA80E0079EB0C /* DialogTableViewCell.swift in Sources */,
				38A83BF01CABCAB70079EB0C /* JChatViewController.swift in Sources */,
				38A83BEA1CABA80E0079EB0C /* UserTableViewCell.swift in Sources */,
				38A83BE81CABA80E0079EB0C /* CornerView.swift in Sources */,
				38A83BB81CA92AA20079EB0C /* AppDelegate.swift in Sources */,
				38A83C111CAE751E0079EB0C /* TestVC.swift in Sources */,
				38A83BD81CABA67F0079EB0C /* Constants.swift in Sources */,
				38A83BD01CABA39C0079EB0C /* ServicesManager.swift in Sources */,
				38A83BD51CABA4DC0079EB0C /* String+Localized.swift in Sources */,
				38A83BDC1CABA7670079EB0C /* LoginTableViewController.swift in Sources */,
				38A83BE71CABA80E0079EB0C /* AlertViewWithTextField.swift in Sources */,
			);
			runOnlyForDeploymentPostprocessing = 0;
		};
/* End PBXSourcesBuildPhase section */

/* Begin PBXVariantGroup section */
		38A83BC01CA92AA20079EB0C /* LaunchScreen.storyboard */ = {
			isa = PBXVariantGroup;
			children = (
				38A83BC11CA92AA20079EB0C /* Base */,
			);
			name = LaunchScreen.storyboard;
			sourceTree = "<group>";
		};
/* End PBXVariantGroup section */

/* Begin XCBuildConfiguration section */
		38A83BC41CA92AA20079EB0C /* Debug */ = {
			isa = XCBuildConfiguration;
			buildSettings = {
				ALWAYS_SEARCH_USER_PATHS = NO;
				CLANG_ANALYZER_NONNULL = YES;
				CLANG_CXX_LANGUAGE_STANDARD = "gnu++0x";
				CLANG_CXX_LIBRARY = "libc++";
				CLANG_ENABLE_MODULES = YES;
				CLANG_ENABLE_OBJC_ARC = YES;
				CLANG_WARN_BOOL_CONVERSION = YES;
				CLANG_WARN_CONSTANT_CONVERSION = YES;
				CLANG_WARN_DIRECT_OBJC_ISA_USAGE = YES_ERROR;
				CLANG_WARN_EMPTY_BODY = YES;
				CLANG_WARN_ENUM_CONVERSION = YES;
				CLANG_WARN_INT_CONVERSION = YES;
				CLANG_WARN_OBJC_ROOT_CLASS = YES_ERROR;
				CLANG_WARN_UNREACHABLE_CODE = YES;
				CLANG_WARN__DUPLICATE_METHOD_MATCH = YES;
				"CODE_SIGN_IDENTITY[sdk=iphoneos*]" = "iPhone Developer";
				COPY_PHASE_STRIP = NO;
				DEBUG_INFORMATION_FORMAT = dwarf;
				ENABLE_STRICT_OBJC_MSGSEND = YES;
				ENABLE_TESTABILITY = YES;
				GCC_C_LANGUAGE_STANDARD = gnu99;
				GCC_DYNAMIC_NO_PIC = NO;
				GCC_NO_COMMON_BLOCKS = YES;
				GCC_OPTIMIZATION_LEVEL = 0;
				GCC_PREPROCESSOR_DEFINITIONS = (
					"DEBUG=1",
					"$(inherited)",
				);
				GCC_WARN_64_TO_32_BIT_CONVERSION = YES;
				GCC_WARN_ABOUT_RETURN_TYPE = YES_ERROR;
				GCC_WARN_UNDECLARED_SELECTOR = YES;
				GCC_WARN_UNINITIALIZED_AUTOS = YES_AGGRESSIVE;
				GCC_WARN_UNUSED_FUNCTION = YES;
				GCC_WARN_UNUSED_VARIABLE = YES;
				IPHONEOS_DEPLOYMENT_TARGET = 9.3;
				MTL_ENABLE_DEBUG_INFO = YES;
				ONLY_ACTIVE_ARCH = YES;
				SDKROOT = iphoneos;
				SWIFT_OPTIMIZATION_LEVEL = "-Onone";
			};
			name = Debug;
		};
		38A83BC51CA92AA20079EB0C /* Release */ = {
			isa = XCBuildConfiguration;
			buildSettings = {
				ALWAYS_SEARCH_USER_PATHS = NO;
				CLANG_ANALYZER_NONNULL = YES;
				CLANG_CXX_LANGUAGE_STANDARD = "gnu++0x";
				CLANG_CXX_LIBRARY = "libc++";
				CLANG_ENABLE_MODULES = YES;
				CLANG_ENABLE_OBJC_ARC = YES;
				CLANG_WARN_BOOL_CONVERSION = YES;
				CLANG_WARN_CONSTANT_CONVERSION = YES;
				CLANG_WARN_DIRECT_OBJC_ISA_USAGE = YES_ERROR;
				CLANG_WARN_EMPTY_BODY = YES;
				CLANG_WARN_ENUM_CONVERSION = YES;
				CLANG_WARN_INT_CONVERSION = YES;
				CLANG_WARN_OBJC_ROOT_CLASS = YES_ERROR;
				CLANG_WARN_UNREACHABLE_CODE = YES;
				CLANG_WARN__DUPLICATE_METHOD_MATCH = YES;
				"CODE_SIGN_IDENTITY[sdk=iphoneos*]" = "iPhone Developer";
				COPY_PHASE_STRIP = NO;
				DEBUG_INFORMATION_FORMAT = "dwarf-with-dsym";
				ENABLE_NS_ASSERTIONS = NO;
				ENABLE_STRICT_OBJC_MSGSEND = YES;
				GCC_C_LANGUAGE_STANDARD = gnu99;
				GCC_NO_COMMON_BLOCKS = YES;
				GCC_WARN_64_TO_32_BIT_CONVERSION = YES;
				GCC_WARN_ABOUT_RETURN_TYPE = YES_ERROR;
				GCC_WARN_UNDECLARED_SELECTOR = YES;
				GCC_WARN_UNINITIALIZED_AUTOS = YES_AGGRESSIVE;
				GCC_WARN_UNUSED_FUNCTION = YES;
				GCC_WARN_UNUSED_VARIABLE = YES;
				IPHONEOS_DEPLOYMENT_TARGET = 9.3;
				MTL_ENABLE_DEBUG_INFO = NO;
				SDKROOT = iphoneos;
				VALIDATE_PRODUCT = YES;
			};
			name = Release;
		};
		38A83BC71CA92AA20079EB0C /* Debug */ = {
			isa = XCBuildConfiguration;
			baseConfigurationReference = 6AE8E657FA28EB0329414ABB /* Pods-JSQumunicateTest.debug.xcconfig */;
			buildSettings = {
				ASSETCATALOG_COMPILER_APPICON_NAME = AppIcon;
				CLANG_ENABLE_MODULES = YES;
				INFOPLIST_FILE = JSQumunicateTest/Info.plist;
				IPHONEOS_DEPLOYMENT_TARGET = 9.2;
				LD_RUNPATH_SEARCH_PATHS = "$(inherited) @executable_path/Frameworks";
				PRODUCT_BUNDLE_IDENTIFIER = NewtonCircus.JSQumunicateTest;
				PRODUCT_NAME = "$(TARGET_NAME)";
				SWIFT_OBJC_BRIDGING_HEADER = "JSQumunicateTest/JSQumunicateTest-Bridging-Header.h";
				SWIFT_OPTIMIZATION_LEVEL = "-Onone";
			};
			name = Debug;
		};
		38A83BC81CA92AA20079EB0C /* Release */ = {
			isa = XCBuildConfiguration;
			baseConfigurationReference = 313C9CD4075A1DCC2CFCB1D9 /* Pods-JSQumunicateTest.release.xcconfig */;
			buildSettings = {
				ASSETCATALOG_COMPILER_APPICON_NAME = AppIcon;
				CLANG_ENABLE_MODULES = YES;
				INFOPLIST_FILE = JSQumunicateTest/Info.plist;
				IPHONEOS_DEPLOYMENT_TARGET = 9.2;
				LD_RUNPATH_SEARCH_PATHS = "$(inherited) @executable_path/Frameworks";
				PRODUCT_BUNDLE_IDENTIFIER = NewtonCircus.JSQumunicateTest;
				PRODUCT_NAME = "$(TARGET_NAME)";
				SWIFT_OBJC_BRIDGING_HEADER = "JSQumunicateTest/JSQumunicateTest-Bridging-Header.h";
			};
			name = Release;
		};
/* End XCBuildConfiguration section */

/* Begin XCConfigurationList section */
		38A83BAF1CA92AA20079EB0C /* Build configuration list for PBXProject "JSQumunicateTest" */ = {
			isa = XCConfigurationList;
			buildConfigurations = (
				38A83BC41CA92AA20079EB0C /* Debug */,
				38A83BC51CA92AA20079EB0C /* Release */,
			);
			defaultConfigurationIsVisible = 0;
			defaultConfigurationName = Release;
		};
		38A83BC61CA92AA20079EB0C /* Build configuration list for PBXNativeTarget "JSQumunicateTest" */ = {
			isa = XCConfigurationList;
			buildConfigurations = (
				38A83BC71CA92AA20079EB0C /* Debug */,
				38A83BC81CA92AA20079EB0C /* Release */,
			);
			defaultConfigurationIsVisible = 0;
			defaultConfigurationName = Release;
		};
/* End XCConfigurationList section */
	};
	rootObject = 38A83BAC1CA92AA20079EB0C /* Project object */;
}
